# This file is automatically @generated by Cargo.
# It is not intended for manual editing.
version = 4

[[package]]
name = "l2-native-rt"
version = "0.1.0"
dependencies = [
 "l2-runtime",
]

[[package]]
name = "l2-runtime"
version = "0.1.0"

[[package]]
name = "language-2"
version = "0.1.0"
dependencies = [
 "l2-runtime",
]
